// !$*UTF8*$!
{
	archiveVersion = 1;
	classes = {
	};
	objectVersion = 56;
	objects = {

/* Begin PBXBuildFile section */
		3B07D8F12952B8660067C293 /* CharactersFactory.swift in Sources */ = {isa = PBXBuildFile; fileRef = 3B07D8F02952B8660067C293 /* CharactersFactory.swift */; };
		3B07D8F42952B8D40067C293 /* CharactersViewController.swift in Sources */ = {isa = PBXBuildFile; fileRef = 3B07D8F32952B8D40067C293 /* CharactersViewController.swift */; };
		3B07D8F62952B9A20067C293 /* CharactersCoordinator.swift in Sources */ = {isa = PBXBuildFile; fileRef = 3B07D8F52952B9A20067C293 /* CharactersCoordinator.swift */; };
		3B07D8F92952BDC50067C293 /* ItemCharacterTableViewCell.swift in Sources */ = {isa = PBXBuildFile; fileRef = 3B07D8F82952BDC50067C293 /* ItemCharacterTableViewCell.swift */; };
		3B1F242C299159BB00D7079D /* CharacterDetailViewController.swift in Sources */ = {isa = PBXBuildFile; fileRef = 3B1F242B299159BB00D7079D /* CharacterDetailViewController.swift */; };
		3B1F242E299159F100D7079D /* CharacterDetailCoordinator.swift in Sources */ = {isa = PBXBuildFile; fileRef = 3B1F242D299159F100D7079D /* CharacterDetailCoordinator.swift */; };
		3B1F243029915A4A00D7079D /* CharacterDetailFactory.swift in Sources */ = {isa = PBXBuildFile; fileRef = 3B1F242F29915A4A00D7079D /* CharacterDetailFactory.swift */; };
		3B1F24352991673200D7079D /* CharacterDetailRepository.swift in Sources */ = {isa = PBXBuildFile; fileRef = 3B1F24342991673200D7079D /* CharacterDetailRepository.swift */; };
		3B1F2438299167CE00D7079D /* CharacterDetailRepositoryImp.swift in Sources */ = {isa = PBXBuildFile; fileRef = 3B1F2437299167CE00D7079D /* CharacterDetailRepositoryImp.swift */; };
		3B1F243B299168E200D7079D /* CharacterDTO+Mapping.swift in Sources */ = {isa = PBXBuildFile; fileRef = 3B1F243A299168E200D7079D /* CharacterDTO+Mapping.swift */; };
		3B2A4EAD2963C6FF005E8ED6 /* Character.swift in Sources */ = {isa = PBXBuildFile; fileRef = 3B2A4EAC2963C6FF005E8ED6 /* Character.swift */; };
		3B2A4EAF2963C740005E8ED6 /* StatusCharacter.swift in Sources */ = {isa = PBXBuildFile; fileRef = 3B2A4EAE2963C740005E8ED6 /* StatusCharacter.swift */; };
		3B2A4EB12963C7EE005E8ED6 /* String+empty.swift in Sources */ = {isa = PBXBuildFile; fileRef = 3B2A4EB02963C7EE005E8ED6 /* String+empty.swift */; };
		3B2A4EB32963C90A005E8ED6 /* Specie.swift in Sources */ = {isa = PBXBuildFile; fileRef = 3B2A4EB22963C90A005E8ED6 /* Specie.swift */; };
		3B2A4EB52963CB4B005E8ED6 /* Origin.swift in Sources */ = {isa = PBXBuildFile; fileRef = 3B2A4EB42963CB4B005E8ED6 /* Origin.swift */; };
		3B2A4EB72963CB73005E8ED6 /* Location.swift in Sources */ = {isa = PBXBuildFile; fileRef = 3B2A4EB62963CB73005E8ED6 /* Location.swift */; };
		3B2A4EBB2963CBE5005E8ED6 /* ResultsCharactersDTO.swift in Sources */ = {isa = PBXBuildFile; fileRef = 3B2A4EBA2963CBE5005E8ED6 /* ResultsCharactersDTO.swift */; };
		3B2A4EBD2963CC19005E8ED6 /* CharacterDTO.swift in Sources */ = {isa = PBXBuildFile; fileRef = 3B2A4EBC2963CC19005E8ED6 /* CharacterDTO.swift */; };
		3B2A4EC02963CC9A005E8ED6 /* OriginDTO.swift in Sources */ = {isa = PBXBuildFile; fileRef = 3B2A4EBF2963CC9A005E8ED6 /* OriginDTO.swift */; };
		3B2A4EC32963CCCC005E8ED6 /* LocationDTO.swift in Sources */ = {isa = PBXBuildFile; fileRef = 3B2A4EC22963CCCC005E8ED6 /* LocationDTO.swift */; };
		3B2A4EC52963CD10005E8ED6 /* InfoDTO.swift in Sources */ = {isa = PBXBuildFile; fileRef = 3B2A4EC42963CD10005E8ED6 /* InfoDTO.swift */; };
		3B2A4EC92963CDB7005E8ED6 /* CharactersRepository.swift in Sources */ = {isa = PBXBuildFile; fileRef = 3B2A4EC82963CDB7005E8ED6 /* CharactersRepository.swift */; };
		3B2A4ECB2963CE3C005E8ED6 /* Info.swift in Sources */ = {isa = PBXBuildFile; fileRef = 3B2A4ECA2963CE3C005E8ED6 /* Info.swift */; };
		3B2A4ECE2963CE92005E8ED6 /* CharacterRepositoryImp.swift in Sources */ = {isa = PBXBuildFile; fileRef = 3B2A4ECD2963CE92005E8ED6 /* CharacterRepositoryImp.swift */; };
		3B2A4ED02963CF20005E8ED6 /* ResultsCharactersDTO+Mapping.swift in Sources */ = {isa = PBXBuildFile; fileRef = 3B2A4ECF2963CF20005E8ED6 /* ResultsCharactersDTO+Mapping.swift */; };
		3B2A4ED32963D36F005E8ED6 /* LoadCharactersUseCase.swift in Sources */ = {isa = PBXBuildFile; fileRef = 3B2A4ED22963D36F005E8ED6 /* LoadCharactersUseCase.swift */; };
		3B2A4ED72963D551005E8ED6 /* CharactersViewModel.swift in Sources */ = {isa = PBXBuildFile; fileRef = 3B2A4ED62963D551005E8ED6 /* CharactersViewModel.swift */; };
		3B2A4ED92963D5CA005E8ED6 /* ItemCharacterViewModel.swift in Sources */ = {isa = PBXBuildFile; fileRef = 3B2A4ED82963D5CA005E8ED6 /* ItemCharacterViewModel.swift */; };
		3B2A4EDC2963D6A3005E8ED6 /* BaseViewModel.swift in Sources */ = {isa = PBXBuildFile; fileRef = 3B2A4EDB2963D6A3005E8ED6 /* BaseViewModel.swift */; };
		3B2A4EDE2963DE5E005E8ED6 /* UITableViewController+SpinnerLast.swift in Sources */ = {isa = PBXBuildFile; fileRef = 3B2A4EDD2963DE5E005E8ED6 /* UITableViewController+SpinnerLast.swift */; };
		3B6170AF2976436D002D2644 /* LastPageValidationUseCase.swift in Sources */ = {isa = PBXBuildFile; fileRef = 3B6170AE2976436D002D2644 /* LastPageValidationUseCase.swift */; };
		3B6170B129764BEC002D2644 /* RemoteImageDataService.swift in Sources */ = {isa = PBXBuildFile; fileRef = 3B6170B029764BEC002D2644 /* RemoteImageDataService.swift */; };
		3B6170B329764C6C002D2644 /* ApiClientServiceImp+RemoteImageDataService.swift in Sources */ = {isa = PBXBuildFile; fileRef = 3B6170B229764C6C002D2644 /* ApiClientServiceImp+RemoteImageDataService.swift */; };
		3B6170B529764D3F002D2644 /* LocalDataImageService.swift in Sources */ = {isa = PBXBuildFile; fileRef = 3B6170B429764D3F002D2644 /* LocalDataImageService.swift */; };
		3B6170B829764E87002D2644 /* ImageDataRepository.swift in Sources */ = {isa = PBXBuildFile; fileRef = 3B6170B729764E87002D2644 /* ImageDataRepository.swift */; };
		3B6170BB29764F0D002D2644 /* ImageDataRepositoryImp.swift in Sources */ = {isa = PBXBuildFile; fileRef = 3B6170BA29764F0D002D2644 /* ImageDataRepositoryImp.swift */; };
		3B6170BE2976505C002D2644 /* ImageDataUseCase.swift in Sources */ = {isa = PBXBuildFile; fileRef = 3B6170BD2976505C002D2644 /* ImageDataUseCase.swift */; };
		3B6170C0297651D8002D2644 /* AppContainer.swift in Sources */ = {isa = PBXBuildFile; fileRef = 3B6170BF297651D8002D2644 /* AppContainer.swift */; };
		3B6170C2297655A1002D2644 /* UIImageView+Utils.swift in Sources */ = {isa = PBXBuildFile; fileRef = 3B6170C1297655A1002D2644 /* UIImageView+Utils.swift */; };
		3B7C2E5A291DE7A4005B3D42 /* AppDelegate.swift in Sources */ = {isa = PBXBuildFile; fileRef = 3B7C2E59291DE7A4005B3D42 /* AppDelegate.swift */; };
		3B7C2E5C291DE7A4005B3D42 /* SceneDelegate.swift in Sources */ = {isa = PBXBuildFile; fileRef = 3B7C2E5B291DE7A4005B3D42 /* SceneDelegate.swift */; };
		3B7C2E5E291DE7A4005B3D42 /* HomeMenuController.swift in Sources */ = {isa = PBXBuildFile; fileRef = 3B7C2E5D291DE7A4005B3D42 /* HomeMenuController.swift */; };
		3B7C2E63291DE7A6005B3D42 /* Assets.xcassets in Resources */ = {isa = PBXBuildFile; fileRef = 3B7C2E62291DE7A6005B3D42 /* Assets.xcassets */; };
		3B7C2E66291DE7A6005B3D42 /* LaunchScreen.storyboard in Resources */ = {isa = PBXBuildFile; fileRef = 3B7C2E64291DE7A6005B3D42 /* LaunchScreen.storyboard */; };
		3B7C2E71291DE7A6005B3D42 /* RickAndMortyTests.swift in Sources */ = {isa = PBXBuildFile; fileRef = 3B7C2E70291DE7A6005B3D42 /* RickAndMortyTests.swift */; };
		3B7C2EAA291DEF8A005B3D42 /* Coordinator.swift in Sources */ = {isa = PBXBuildFile; fileRef = 3B7C2EA9291DEF8A005B3D42 /* Coordinator.swift */; };
		3B7C2EAD291DEFDE005B3D42 /* AppCoordinator.swift in Sources */ = {isa = PBXBuildFile; fileRef = 3B7C2EAC291DEFDE005B3D42 /* AppCoordinator.swift */; };
		3B7C2EAF291DF03A005B3D42 /* AppFactory.swift in Sources */ = {isa = PBXBuildFile; fileRef = 3B7C2EAE291DF03A005B3D42 /* AppFactory.swift */; };
		3B7C2EB1291DF494005B3D42 /* HomeCoordinator.swift in Sources */ = {isa = PBXBuildFile; fileRef = 3B7C2EB0291DF494005B3D42 /* HomeCoordinator.swift */; };
		3B7C2EB3291DF4E6005B3D42 /* HomeFactory.swift in Sources */ = {isa = PBXBuildFile; fileRef = 3B7C2EB2291DF4E6005B3D42 /* HomeFactory.swift */; };
		3BC393DD292BF54200DE6BF5 /* SpinnerDisplayable.swift in Sources */ = {isa = PBXBuildFile; fileRef = 3BC393DC292BF54200DE6BF5 /* SpinnerDisplayable.swift */; };
		3BC393DF292BF57400DE6BF5 /* ViewValues.swift in Sources */ = {isa = PBXBuildFile; fileRef = 3BC393DE292BF57400DE6BF5 /* ViewValues.swift */; };
		3BC393E1292BF7C800DE6BF5 /* MessageDisplayable.swift in Sources */ = {isa = PBXBuildFile; fileRef = 3BC393E0292BF7C800DE6BF5 /* MessageDisplayable.swift */; };
		3BC393E3292C025B00DE6BF5 /* AppLocalized.swift in Sources */ = {isa = PBXBuildFile; fileRef = 3BC393E2292C025B00DE6BF5 /* AppLocalized.swift */; };
		3BC393E5292C04A000DE6BF5 /* Images.swift in Sources */ = {isa = PBXBuildFile; fileRef = 3BC393E4292C04A000DE6BF5 /* Images.swift */; };
		3BCC301C292077EB00F63A96 /* ItemHomeMenuCell.swift in Sources */ = {isa = PBXBuildFile; fileRef = 3BCC301B292077EB00F63A96 /* ItemHomeMenuCell.swift */; };
		3BCC301E292078DE00F63A96 /* UIView+Contraints.swift in Sources */ = {isa = PBXBuildFile; fileRef = 3BCC301D292078DE00F63A96 /* UIView+Contraints.swift */; };
		3BCC302029207A8100F63A96 /* Reusable.swift in Sources */ = {isa = PBXBuildFile; fileRef = 3BCC301F29207A8100F63A96 /* Reusable.swift */; };
		3BCC30262920877100F63A96 /* MenuRepository.swift in Sources */ = {isa = PBXBuildFile; fileRef = 3BCC30252920877100F63A96 /* MenuRepository.swift */; };
		3BCC3029292087DA00F63A96 /* MenuItem.swift in Sources */ = {isa = PBXBuildFile; fileRef = 3BCC3028292087DA00F63A96 /* MenuItem.swift */; };
		3BCC302C2920882B00F63A96 /* MenuRepositoryImp.swift in Sources */ = {isa = PBXBuildFile; fileRef = 3BCC302B2920882B00F63A96 /* MenuRepositoryImp.swift */; };
		3BCC302F2920888000F63A96 /* LoadMenuUseCase.swift in Sources */ = {isa = PBXBuildFile; fileRef = 3BCC302E2920888000F63A96 /* LoadMenuUseCase.swift */; };
		3BCC30332920898100F63A96 /* HomeMenuViewModel.swift in Sources */ = {isa = PBXBuildFile; fileRef = 3BCC30322920898100F63A96 /* HomeMenuViewModel.swift */; };
		3BCC3035292089F100F63A96 /* StateController.swift in Sources */ = {isa = PBXBuildFile; fileRef = 3BCC3034292089F100F63A96 /* StateController.swift */; };
		3BCC303729208AA000F63A96 /* ItemHomeMenuViewModel.swift in Sources */ = {isa = PBXBuildFile; fileRef = 3BCC303629208AA000F63A96 /* ItemHomeMenuViewModel.swift */; };
		3BCC303A292098BC00F63A96 /* ApiClientService.swift in Sources */ = {isa = PBXBuildFile; fileRef = 3BCC3039292098BC00F63A96 /* ApiClientService.swift */; };
		3BCC303D2920992300F63A96 /* ApiClientServiceImp.swift in Sources */ = {isa = PBXBuildFile; fileRef = 3BCC303C2920992300F63A96 /* ApiClientServiceImp.swift */; };
		3BCC3040292099C000F63A96 /* ApiError.swift in Sources */ = {isa = PBXBuildFile; fileRef = 3BCC303F292099C000F63A96 /* ApiError.swift */; };
		3BCC304329209C9A00F63A96 /* HttpResponseStatus.swift in Sources */ = {isa = PBXBuildFile; fileRef = 3BCC304229209C9A00F63A96 /* HttpResponseStatus.swift */; };
		3BCC304629209EE100F63A96 /* MenuDTO.swift in Sources */ = {isa = PBXBuildFile; fileRef = 3BCC304529209EE100F63A96 /* MenuDTO.swift */; };
		3BCC304829209F6400F63A96 /* MenuDTO+Mapper.swift in Sources */ = {isa = PBXBuildFile; fileRef = 3BCC304729209F6400F63A96 /* MenuDTO+Mapper.swift */; };
		3BCC304A29209FE500F63A96 /* PropertyIterator.swift in Sources */ = {isa = PBXBuildFile; fileRef = 3BCC304929209FE500F63A96 /* PropertyIterator.swift */; };
		3BCC304C2920A13700F63A96 /* Endpoint.swift in Sources */ = {isa = PBXBuildFile; fileRef = 3BCC304B2920A13700F63A96 /* Endpoint.swift */; };
/* End PBXBuildFile section */

/* Begin PBXContainerItemProxy section */
		3B7C2E6D291DE7A6005B3D42 /* PBXContainerItemProxy */ = {
			isa = PBXContainerItemProxy;
			containerPortal = 3B7C2E4E291DE7A4005B3D42 /* Project object */;
			proxyType = 1;
			remoteGlobalIDString = 3B7C2E55291DE7A4005B3D42;
			remoteInfo = RickAndMorty;
		};
		3B7C2E77291DE7A6005B3D42 /* PBXContainerItemProxy */ = {
			isa = PBXContainerItemProxy;
			containerPortal = 3B7C2E4E291DE7A4005B3D42 /* Project object */;
			proxyType = 1;
			remoteGlobalIDString = 3B7C2E55291DE7A4005B3D42;
			remoteInfo = RickAndMorty;
		};
/* End PBXContainerItemProxy section */

/* Begin PBXFileReference section */
		3B07D8F02952B8660067C293 /* CharactersFactory.swift */ = {isa = PBXFileReference; lastKnownFileType = sourcecode.swift; path = CharactersFactory.swift; sourceTree = "<group>"; };
		3B07D8F32952B8D40067C293 /* CharactersViewController.swift */ = {isa = PBXFileReference; lastKnownFileType = sourcecode.swift; path = CharactersViewController.swift; sourceTree = "<group>"; };
		3B07D8F52952B9A20067C293 /* CharactersCoordinator.swift */ = {isa = PBXFileReference; lastKnownFileType = sourcecode.swift; path = CharactersCoordinator.swift; sourceTree = "<group>"; };
		3B07D8F82952BDC50067C293 /* ItemCharacterTableViewCell.swift */ = {isa = PBXFileReference; lastKnownFileType = sourcecode.swift; path = ItemCharacterTableViewCell.swift; sourceTree = "<group>"; };
		3B1F242B299159BB00D7079D /* CharacterDetailViewController.swift */ = {isa = PBXFileReference; lastKnownFileType = sourcecode.swift; path = CharacterDetailViewController.swift; sourceTree = "<group>"; };
		3B1F242D299159F100D7079D /* CharacterDetailCoordinator.swift */ = {isa = PBXFileReference; lastKnownFileType = sourcecode.swift; path = CharacterDetailCoordinator.swift; sourceTree = "<group>"; };
		3B1F242F29915A4A00D7079D /* CharacterDetailFactory.swift */ = {isa = PBXFileReference; lastKnownFileType = sourcecode.swift; path = CharacterDetailFactory.swift; sourceTree = "<group>"; };
		3B1F24342991673200D7079D /* CharacterDetailRepository.swift */ = {isa = PBXFileReference; lastKnownFileType = sourcecode.swift; path = CharacterDetailRepository.swift; sourceTree = "<group>"; };
		3B1F2437299167CE00D7079D /* CharacterDetailRepositoryImp.swift */ = {isa = PBXFileReference; lastKnownFileType = sourcecode.swift; path = CharacterDetailRepositoryImp.swift; sourceTree = "<group>"; };
		3B1F243A299168E200D7079D /* CharacterDTO+Mapping.swift */ = {isa = PBXFileReference; lastKnownFileType = sourcecode.swift; path = "CharacterDTO+Mapping.swift"; sourceTree = "<group>"; };
		3B2A4EAC2963C6FF005E8ED6 /* Character.swift */ = {isa = PBXFileReference; lastKnownFileType = sourcecode.swift; path = Character.swift; sourceTree = "<group>"; };
		3B2A4EAE2963C740005E8ED6 /* StatusCharacter.swift */ = {isa = PBXFileReference; lastKnownFileType = sourcecode.swift; path = StatusCharacter.swift; sourceTree = "<group>"; };
		3B2A4EB02963C7EE005E8ED6 /* String+empty.swift */ = {isa = PBXFileReference; lastKnownFileType = sourcecode.swift; path = "String+empty.swift"; sourceTree = "<group>"; };
		3B2A4EB22963C90A005E8ED6 /* Specie.swift */ = {isa = PBXFileReference; lastKnownFileType = sourcecode.swift; path = Specie.swift; sourceTree = "<group>"; };
		3B2A4EB42963CB4B005E8ED6 /* Origin.swift */ = {isa = PBXFileReference; lastKnownFileType = sourcecode.swift; path = Origin.swift; sourceTree = "<group>"; };
		3B2A4EB62963CB73005E8ED6 /* Location.swift */ = {isa = PBXFileReference; lastKnownFileType = sourcecode.swift; path = Location.swift; sourceTree = "<group>"; };
		3B2A4EBA2963CBE5005E8ED6 /* ResultsCharactersDTO.swift */ = {isa = PBXFileReference; lastKnownFileType = sourcecode.swift; path = ResultsCharactersDTO.swift; sourceTree = "<group>"; };
		3B2A4EBC2963CC19005E8ED6 /* CharacterDTO.swift */ = {isa = PBXFileReference; lastKnownFileType = sourcecode.swift; path = CharacterDTO.swift; sourceTree = "<group>"; };
		3B2A4EBF2963CC9A005E8ED6 /* OriginDTO.swift */ = {isa = PBXFileReference; lastKnownFileType = sourcecode.swift; path = OriginDTO.swift; sourceTree = "<group>"; };
		3B2A4EC22963CCCC005E8ED6 /* LocationDTO.swift */ = {isa = PBXFileReference; lastKnownFileType = sourcecode.swift; path = LocationDTO.swift; sourceTree = "<group>"; };
		3B2A4EC42963CD10005E8ED6 /* InfoDTO.swift */ = {isa = PBXFileReference; lastKnownFileType = sourcecode.swift; path = InfoDTO.swift; sourceTree = "<group>"; };
		3B2A4EC82963CDB7005E8ED6 /* CharactersRepository.swift */ = {isa = PBXFileReference; lastKnownFileType = sourcecode.swift; path = CharactersRepository.swift; sourceTree = "<group>"; };
		3B2A4ECA2963CE3C005E8ED6 /* Info.swift */ = {isa = PBXFileReference; lastKnownFileType = sourcecode.swift; path = Info.swift; sourceTree = "<group>"; };
		3B2A4ECD2963CE92005E8ED6 /* CharacterRepositoryImp.swift */ = {isa = PBXFileReference; lastKnownFileType = sourcecode.swift; path = CharacterRepositoryImp.swift; sourceTree = "<group>"; };
		3B2A4ECF2963CF20005E8ED6 /* ResultsCharactersDTO+Mapping.swift */ = {isa = PBXFileReference; lastKnownFileType = sourcecode.swift; path = "ResultsCharactersDTO+Mapping.swift"; sourceTree = "<group>"; };
		3B2A4ED22963D36F005E8ED6 /* LoadCharactersUseCase.swift */ = {isa = PBXFileReference; lastKnownFileType = sourcecode.swift; path = LoadCharactersUseCase.swift; sourceTree = "<group>"; };
		3B2A4ED62963D551005E8ED6 /* CharactersViewModel.swift */ = {isa = PBXFileReference; lastKnownFileType = sourcecode.swift; path = CharactersViewModel.swift; sourceTree = "<group>"; };
		3B2A4ED82963D5CA005E8ED6 /* ItemCharacterViewModel.swift */ = {isa = PBXFileReference; lastKnownFileType = sourcecode.swift; path = ItemCharacterViewModel.swift; sourceTree = "<group>"; };
		3B2A4EDB2963D6A3005E8ED6 /* BaseViewModel.swift */ = {isa = PBXFileReference; lastKnownFileType = sourcecode.swift; path = BaseViewModel.swift; sourceTree = "<group>"; };
		3B2A4EDD2963DE5E005E8ED6 /* UITableViewController+SpinnerLast.swift */ = {isa = PBXFileReference; lastKnownFileType = sourcecode.swift; path = "UITableViewController+SpinnerLast.swift"; sourceTree = "<group>"; };
		3B6170AE2976436D002D2644 /* LastPageValidationUseCase.swift */ = {isa = PBXFileReference; lastKnownFileType = sourcecode.swift; path = LastPageValidationUseCase.swift; sourceTree = "<group>"; };
		3B6170B029764BEC002D2644 /* RemoteImageDataService.swift */ = {isa = PBXFileReference; lastKnownFileType = sourcecode.swift; path = RemoteImageDataService.swift; sourceTree = "<group>"; };
		3B6170B229764C6C002D2644 /* ApiClientServiceImp+RemoteImageDataService.swift */ = {isa = PBXFileReference; lastKnownFileType = sourcecode.swift; path = "ApiClientServiceImp+RemoteImageDataService.swift"; sourceTree = "<group>"; };
		3B6170B429764D3F002D2644 /* LocalDataImageService.swift */ = {isa = PBXFileReference; lastKnownFileType = sourcecode.swift; path = LocalDataImageService.swift; sourceTree = "<group>"; };
		3B6170B729764E87002D2644 /* ImageDataRepository.swift */ = {isa = PBXFileReference; lastKnownFileType = sourcecode.swift; path = ImageDataRepository.swift; sourceTree = "<group>"; };
		3B6170BA29764F0D002D2644 /* ImageDataRepositoryImp.swift */ = {isa = PBXFileReference; lastKnownFileType = sourcecode.swift; path = ImageDataRepositoryImp.swift; sourceTree = "<group>"; };
		3B6170BD2976505C002D2644 /* ImageDataUseCase.swift */ = {isa = PBXFileReference; lastKnownFileType = sourcecode.swift; path = ImageDataUseCase.swift; sourceTree = "<group>"; };
		3B6170BF297651D8002D2644 /* AppContainer.swift */ = {isa = PBXFileReference; lastKnownFileType = sourcecode.swift; path = AppContainer.swift; sourceTree = "<group>"; };
		3B6170C1297655A1002D2644 /* UIImageView+Utils.swift */ = {isa = PBXFileReference; lastKnownFileType = sourcecode.swift; path = "UIImageView+Utils.swift"; sourceTree = "<group>"; };
		3B7C2E56291DE7A4005B3D42 /* RickAndMorty.app */ = {isa = PBXFileReference; explicitFileType = wrapper.application; includeInIndex = 0; path = RickAndMorty.app; sourceTree = BUILT_PRODUCTS_DIR; };
		3B7C2E59291DE7A4005B3D42 /* AppDelegate.swift */ = {isa = PBXFileReference; lastKnownFileType = sourcecode.swift; path = AppDelegate.swift; sourceTree = "<group>"; };
		3B7C2E5B291DE7A4005B3D42 /* SceneDelegate.swift */ = {isa = PBXFileReference; lastKnownFileType = sourcecode.swift; path = SceneDelegate.swift; sourceTree = "<group>"; };
		3B7C2E5D291DE7A4005B3D42 /* HomeMenuController.swift */ = {isa = PBXFileReference; lastKnownFileType = sourcecode.swift; path = HomeMenuController.swift; sourceTree = "<group>"; };
		3B7C2E62291DE7A6005B3D42 /* Assets.xcassets */ = {isa = PBXFileReference; lastKnownFileType = folder.assetcatalog; path = Assets.xcassets; sourceTree = "<group>"; };
		3B7C2E65291DE7A6005B3D42 /* Base */ = {isa = PBXFileReference; lastKnownFileType = file.storyboard; name = Base; path = Base.lproj/LaunchScreen.storyboard; sourceTree = "<group>"; };
		3B7C2E67291DE7A6005B3D42 /* Info.plist */ = {isa = PBXFileReference; lastKnownFileType = text.plist.xml; path = Info.plist; sourceTree = "<group>"; };
		3B7C2E6C291DE7A6005B3D42 /* RickAndMortyTests.xctest */ = {isa = PBXFileReference; explicitFileType = wrapper.cfbundle; includeInIndex = 0; path = RickAndMortyTests.xctest; sourceTree = BUILT_PRODUCTS_DIR; };
		3B7C2E70291DE7A6005B3D42 /* RickAndMortyTests.swift */ = {isa = PBXFileReference; lastKnownFileType = sourcecode.swift; path = RickAndMortyTests.swift; sourceTree = "<group>"; };
		3B7C2E76291DE7A6005B3D42 /* RickAndMortyUITests.xctest */ = {isa = PBXFileReference; explicitFileType = wrapper.cfbundle; includeInIndex = 0; path = RickAndMortyUITests.xctest; sourceTree = BUILT_PRODUCTS_DIR; };
		3B7C2EA9291DEF8A005B3D42 /* Coordinator.swift */ = {isa = PBXFileReference; lastKnownFileType = sourcecode.swift; path = Coordinator.swift; sourceTree = "<group>"; };
		3B7C2EAC291DEFDE005B3D42 /* AppCoordinator.swift */ = {isa = PBXFileReference; lastKnownFileType = sourcecode.swift; path = AppCoordinator.swift; sourceTree = "<group>"; };
		3B7C2EAE291DF03A005B3D42 /* AppFactory.swift */ = {isa = PBXFileReference; lastKnownFileType = sourcecode.swift; path = AppFactory.swift; sourceTree = "<group>"; };
		3B7C2EB0291DF494005B3D42 /* HomeCoordinator.swift */ = {isa = PBXFileReference; lastKnownFileType = sourcecode.swift; path = HomeCoordinator.swift; sourceTree = "<group>"; };
		3B7C2EB2291DF4E6005B3D42 /* HomeFactory.swift */ = {isa = PBXFileReference; lastKnownFileType = sourcecode.swift; path = HomeFactory.swift; sourceTree = "<group>"; };
		3BC393DC292BF54200DE6BF5 /* SpinnerDisplayable.swift */ = {isa = PBXFileReference; lastKnownFileType = sourcecode.swift; path = SpinnerDisplayable.swift; sourceTree = "<group>"; };
		3BC393DE292BF57400DE6BF5 /* ViewValues.swift */ = {isa = PBXFileReference; lastKnownFileType = sourcecode.swift; path = ViewValues.swift; sourceTree = "<group>"; };
		3BC393E0292BF7C800DE6BF5 /* MessageDisplayable.swift */ = {isa = PBXFileReference; lastKnownFileType = sourcecode.swift; path = MessageDisplayable.swift; sourceTree = "<group>"; };
		3BC393E2292C025B00DE6BF5 /* AppLocalized.swift */ = {isa = PBXFileReference; lastKnownFileType = sourcecode.swift; path = AppLocalized.swift; sourceTree = "<group>"; };
		3BC393E4292C04A000DE6BF5 /* Images.swift */ = {isa = PBXFileReference; lastKnownFileType = sourcecode.swift; path = Images.swift; sourceTree = "<group>"; };
		3BCC301B292077EB00F63A96 /* ItemHomeMenuCell.swift */ = {isa = PBXFileReference; lastKnownFileType = sourcecode.swift; path = ItemHomeMenuCell.swift; sourceTree = "<group>"; };
		3BCC301D292078DE00F63A96 /* UIView+Contraints.swift */ = {isa = PBXFileReference; lastKnownFileType = sourcecode.swift; path = "UIView+Contraints.swift"; sourceTree = "<group>"; };
		3BCC301F29207A8100F63A96 /* Reusable.swift */ = {isa = PBXFileReference; lastKnownFileType = sourcecode.swift; path = Reusable.swift; sourceTree = "<group>"; };
		3BCC30252920877100F63A96 /* MenuRepository.swift */ = {isa = PBXFileReference; lastKnownFileType = sourcecode.swift; path = MenuRepository.swift; sourceTree = "<group>"; };
		3BCC3028292087DA00F63A96 /* MenuItem.swift */ = {isa = PBXFileReference; lastKnownFileType = sourcecode.swift; path = MenuItem.swift; sourceTree = "<group>"; };
		3BCC302B2920882B00F63A96 /* MenuRepositoryImp.swift */ = {isa = PBXFileReference; lastKnownFileType = sourcecode.swift; path = MenuRepositoryImp.swift; sourceTree = "<group>"; };
		3BCC302E2920888000F63A96 /* LoadMenuUseCase.swift */ = {isa = PBXFileReference; lastKnownFileType = sourcecode.swift; path = LoadMenuUseCase.swift; sourceTree = "<group>"; };
		3BCC30322920898100F63A96 /* HomeMenuViewModel.swift */ = {isa = PBXFileReference; lastKnownFileType = sourcecode.swift; path = HomeMenuViewModel.swift; sourceTree = "<group>"; };
		3BCC3034292089F100F63A96 /* StateController.swift */ = {isa = PBXFileReference; lastKnownFileType = sourcecode.swift; path = StateController.swift; sourceTree = "<group>"; };
		3BCC303629208AA000F63A96 /* ItemHomeMenuViewModel.swift */ = {isa = PBXFileReference; lastKnownFileType = sourcecode.swift; path = ItemHomeMenuViewModel.swift; sourceTree = "<group>"; };
		3BCC3039292098BC00F63A96 /* ApiClientService.swift */ = {isa = PBXFileReference; lastKnownFileType = sourcecode.swift; path = ApiClientService.swift; sourceTree = "<group>"; };
		3BCC303C2920992300F63A96 /* ApiClientServiceImp.swift */ = {isa = PBXFileReference; lastKnownFileType = sourcecode.swift; path = ApiClientServiceImp.swift; sourceTree = "<group>"; };
		3BCC303F292099C000F63A96 /* ApiError.swift */ = {isa = PBXFileReference; lastKnownFileType = sourcecode.swift; path = ApiError.swift; sourceTree = "<group>"; };
		3BCC304229209C9A00F63A96 /* HttpResponseStatus.swift */ = {isa = PBXFileReference; lastKnownFileType = sourcecode.swift; path = HttpResponseStatus.swift; sourceTree = "<group>"; };
		3BCC304529209EE100F63A96 /* MenuDTO.swift */ = {isa = PBXFileReference; lastKnownFileType = sourcecode.swift; path = MenuDTO.swift; sourceTree = "<group>"; };
		3BCC304729209F6400F63A96 /* MenuDTO+Mapper.swift */ = {isa = PBXFileReference; lastKnownFileType = sourcecode.swift; path = "MenuDTO+Mapper.swift"; sourceTree = "<group>"; };
		3BCC304929209FE500F63A96 /* PropertyIterator.swift */ = {isa = PBXFileReference; lastKnownFileType = sourcecode.swift; path = PropertyIterator.swift; sourceTree = "<group>"; };
		3BCC304B2920A13700F63A96 /* Endpoint.swift */ = {isa = PBXFileReference; lastKnownFileType = sourcecode.swift; path = Endpoint.swift; sourceTree = "<group>"; };
/* End PBXFileReference section */

/* Begin PBXFrameworksBuildPhase section */
		3B7C2E53291DE7A4005B3D42 /* Frameworks */ = {
			isa = PBXFrameworksBuildPhase;
			buildActionMask = 2147483647;
			files = (
			);
			runOnlyForDeploymentPostprocessing = 0;
		};
		3B7C2E69291DE7A6005B3D42 /* Frameworks */ = {
			isa = PBXFrameworksBuildPhase;
			buildActionMask = 2147483647;
			files = (
			);
			runOnlyForDeploymentPostprocessing = 0;
		};
		3B7C2E73291DE7A6005B3D42 /* Frameworks */ = {
			isa = PBXFrameworksBuildPhase;
			buildActionMask = 2147483647;
			files = (
			);
			runOnlyForDeploymentPostprocessing = 0;
		};
/* End PBXFrameworksBuildPhase section */

/* Begin PBXGroup section */
		3B07D8F22952B8C30067C293 /* Presentation */ = {
			isa = PBXGroup;
			children = (
				3B2A4ED52963D526005E8ED6 /* ViewModel */,
				3B2A4ED42963D51D005E8ED6 /* View */,
			);
			path = Presentation;
			sourceTree = "<group>";
		};
		3B07D8F72952BDA60067C293 /* Cell */ = {
			isa = PBXGroup;
			children = (
				3B07D8F82952BDC50067C293 /* ItemCharacterTableViewCell.swift */,
			);
			path = Cell;
			sourceTree = "<group>";
		};
		3B1F242A299159A300D7079D /* Presentation */ = {
			isa = PBXGroup;
			children = (
				3B1F242B299159BB00D7079D /* CharacterDetailViewController.swift */,
			);
			path = Presentation;
			sourceTree = "<group>";
		};
		3B1F2431299166F300D7079D /* Domain */ = {
			isa = PBXGroup;
			children = (
				3B1F24332991670800D7079D /* RepositoriesInterface */,
			);
			path = Domain;
			sourceTree = "<group>";
		};
		3B1F2432299166FA00D7079D /* Data */ = {
			isa = PBXGroup;
			children = (
				3B1F2439299168CE00D7079D /* DTO */,
				3B1F2436299167AD00D7079D /* RepositoriesImplementation */,
			);
			path = Data;
			sourceTree = "<group>";
		};
		3B1F24332991670800D7079D /* RepositoriesInterface */ = {
			isa = PBXGroup;
			children = (
				3B1F24342991673200D7079D /* CharacterDetailRepository.swift */,
			);
			path = RepositoriesInterface;
			sourceTree = "<group>";
		};
		3B1F2436299167AD00D7079D /* RepositoriesImplementation */ = {
			isa = PBXGroup;
			children = (
				3B1F2437299167CE00D7079D /* CharacterDetailRepositoryImp.swift */,
			);
			path = RepositoriesImplementation;
			sourceTree = "<group>";
		};
		3B1F2439299168CE00D7079D /* DTO */ = {
			isa = PBXGroup;
			children = (
				3B1F243A299168E200D7079D /* CharacterDTO+Mapping.swift */,
			);
			path = DTO;
			sourceTree = "<group>";
		};
		3B2A4EAB2963C6E0005E8ED6 /* Entities */ = {
			isa = PBXGroup;
			children = (
				3B2A4EAC2963C6FF005E8ED6 /* Character.swift */,
				3B2A4EAE2963C740005E8ED6 /* StatusCharacter.swift */,
				3B2A4EB22963C90A005E8ED6 /* Specie.swift */,
				3B2A4EB42963CB4B005E8ED6 /* Origin.swift */,
				3B2A4EB62963CB73005E8ED6 /* Location.swift */,
				3B2A4ECA2963CE3C005E8ED6 /* Info.swift */,
			);
			path = Entities;
			sourceTree = "<group>";
		};
		3B2A4EB82963CBCC005E8ED6 /* Data */ = {
			isa = PBXGroup;
			children = (
				3B2A4ECC2963CE6D005E8ED6 /* Repositories */,
				3B2A4EB92963CBD2005E8ED6 /* DTO */,
			);
			path = Data;
			sourceTree = "<group>";
		};
		3B2A4EB92963CBD2005E8ED6 /* DTO */ = {
			isa = PBXGroup;
			children = (
				3B2A4EBA2963CBE5005E8ED6 /* ResultsCharactersDTO.swift */,
				3B2A4ECF2963CF20005E8ED6 /* ResultsCharactersDTO+Mapping.swift */,
			);
			path = DTO;
			sourceTree = "<group>";
		};
		3B2A4EBE2963CC89005E8ED6 /* DTO */ = {
			isa = PBXGroup;
			children = (
				3B2A4EBF2963CC9A005E8ED6 /* OriginDTO.swift */,
				3B2A4EBC2963CC19005E8ED6 /* CharacterDTO.swift */,
				3B2A4EC22963CCCC005E8ED6 /* LocationDTO.swift */,
				3B2A4EC42963CD10005E8ED6 /* InfoDTO.swift */,
			);
			path = DTO;
			sourceTree = "<group>";
		};
		3B2A4EC62963CD85005E8ED6 /* Domain */ = {
			isa = PBXGroup;
			children = (
				3B2A4ED12963D342005E8ED6 /* UseCases */,
				3B2A4EC72963CD95005E8ED6 /* RepositoriesInterfaces */,
			);
			path = Domain;
			sourceTree = "<group>";
		};
		3B2A4EC72963CD95005E8ED6 /* RepositoriesInterfaces */ = {
			isa = PBXGroup;
			children = (
				3B2A4EC82963CDB7005E8ED6 /* CharactersRepository.swift */,
			);
			path = RepositoriesInterfaces;
			sourceTree = "<group>";
		};
		3B2A4ECC2963CE6D005E8ED6 /* Repositories */ = {
			isa = PBXGroup;
			children = (
				3B2A4ECD2963CE92005E8ED6 /* CharacterRepositoryImp.swift */,
			);
			path = Repositories;
			sourceTree = "<group>";
		};
		3B2A4ED12963D342005E8ED6 /* UseCases */ = {
			isa = PBXGroup;
			children = (
				3B2A4ED22963D36F005E8ED6 /* LoadCharactersUseCase.swift */,
				3B6170AE2976436D002D2644 /* LastPageValidationUseCase.swift */,
			);
			path = UseCases;
			sourceTree = "<group>";
		};
		3B2A4ED42963D51D005E8ED6 /* View */ = {
			isa = PBXGroup;
			children = (
				3B07D8F32952B8D40067C293 /* CharactersViewController.swift */,
				3B07D8F72952BDA60067C293 /* Cell */,
			);
			path = View;
			sourceTree = "<group>";
		};
		3B2A4ED52963D526005E8ED6 /* ViewModel */ = {
			isa = PBXGroup;
			children = (
				3B2A4ED62963D551005E8ED6 /* CharactersViewModel.swift */,
				3B2A4ED82963D5CA005E8ED6 /* ItemCharacterViewModel.swift */,
			);
			path = ViewModel;
			sourceTree = "<group>";
		};
		3B2A4EDA2963D687005E8ED6 /* ViewModel */ = {
			isa = PBXGroup;
			children = (
				3B2A4EDB2963D6A3005E8ED6 /* BaseViewModel.swift */,
			);
			path = ViewModel;
			sourceTree = "<group>";
		};
		3B6170B629764E6D002D2644 /* InterfacesRepository */ = {
			isa = PBXGroup;
			children = (
				3B6170B729764E87002D2644 /* ImageDataRepository.swift */,
			);
			path = InterfacesRepository;
			sourceTree = "<group>";
		};
		3B6170B929764EF1002D2644 /* RepositoriesImplementation */ = {
			isa = PBXGroup;
			children = (
				3B6170BA29764F0D002D2644 /* ImageDataRepositoryImp.swift */,
			);
			path = RepositoriesImplementation;
			sourceTree = "<group>";
		};
		3B6170BC2976504B002D2644 /* UseCases */ = {
			isa = PBXGroup;
			children = (
				3B6170BD2976505C002D2644 /* ImageDataUseCase.swift */,
			);
			path = UseCases;
			sourceTree = "<group>";
		};
		3B7C2E4D291DE7A4005B3D42 = {
			isa = PBXGroup;
			children = (
				3B7C2E58291DE7A4005B3D42 /* RickAndMorty */,
				3B7C2E6F291DE7A6005B3D42 /* RickAndMortyTests */,
				3B7C2E57291DE7A4005B3D42 /* Products */,
			);
			sourceTree = "<group>";
		};
		3B7C2E57291DE7A4005B3D42 /* Products */ = {
			isa = PBXGroup;
			children = (
				3B7C2E56291DE7A4005B3D42 /* RickAndMorty.app */,
				3B7C2E6C291DE7A6005B3D42 /* RickAndMortyTests.xctest */,
				3B7C2E76291DE7A6005B3D42 /* RickAndMortyUITests.xctest */,
			);
			name = Products;
			sourceTree = "<group>";
		};
		3B7C2E58291DE7A4005B3D42 /* RickAndMorty */ = {
			isa = PBXGroup;
			children = (
				3B7C2E89291DEC21005B3D42 /* App */,
				3B7C2E67291DE7A6005B3D42 /* Info.plist */,
			);
			path = RickAndMorty;
			sourceTree = "<group>";
		};
		3B7C2E6F291DE7A6005B3D42 /* RickAndMortyTests */ = {
			isa = PBXGroup;
			children = (
				3B7C2E70291DE7A6005B3D42 /* RickAndMortyTests.swift */,
			);
			path = RickAndMortyTests;
			sourceTree = "<group>";
		};
		3B7C2E89291DEC21005B3D42 /* App */ = {
			isa = PBXGroup;
			children = (
				3B7C2E8F291DEC91005B3D42 /* Storage */,
				3B7C2E8E291DEC6A005B3D42 /* Resources */,
				3B7C2E8D291DEC59005B3D42 /* Networking */,
				3B7C2E8C291DEC4C005B3D42 /* Common */,
				3B7C2E8B291DEC33005B3D42 /* ScreenModules */,
				3B7C2E8A291DEC28005B3D42 /* CompositionRoot */,
			);
			path = App;
			sourceTree = "<group>";
		};
		3B7C2E8A291DEC28005B3D42 /* CompositionRoot */ = {
			isa = PBXGroup;
			children = (
				3B7C2EA7291DEE3D005B3D42 /* System */,
				3B7C2EA5291DEDBF005B3D42 /* DIContainer */,
				3B7C2EA4291DEDAA005B3D42 /* Factories */,
				3B7C2EA1291DED85005B3D42 /* Coordinator */,
			);
			path = CompositionRoot;
			sourceTree = "<group>";
		};
		3B7C2E8B291DEC33005B3D42 /* ScreenModules */ = {
			isa = PBXGroup;
			children = (
				3B7C2EA6291DEDE1005B3D42 /* LauchScreen */,
				3B7C2E96291DECE0005B3D42 /* LocationDetail */,
				3B7C2E95291DECD6005B3D42 /* Origin */,
				3B7C2E94291DECCF005B3D42 /* Episodes */,
				3B7C2E93291DECC7005B3D42 /* Locations */,
				3B7C2E92291DECBE005B3D42 /* CharacterDetail */,
				3B7C2E91291DECB5005B3D42 /* Characters */,
				3B7C2E90291DEC9F005B3D42 /* HomeMenu */,
			);
			path = ScreenModules;
			sourceTree = "<group>";
		};
		3B7C2E8C291DEC4C005B3D42 /* Common */ = {
			isa = PBXGroup;
			children = (
				3BC393DB292BF52100DE6BF5 /* Components */,
				3B7C2EA0291DED43005B3D42 /* Localize */,
				3B7C2E9E291DED2A005B3D42 /* Utils */,
				3B7C2E9A291DED01005B3D42 /* Layer */,
				3B7C2E98291DECF1005B3D42 /* Constants */,
				3B7C2E97291DECE8005B3D42 /* Extension */,
			);
			path = Common;
			sourceTree = "<group>";
		};
		3B7C2E8D291DEC59005B3D42 /* Networking */ = {
			isa = PBXGroup;
			children = (
				3BCC304129209C8500F63A96 /* StatusResponse */,
				3BCC303E292099B200F63A96 /* Errors */,
				3BCC303B2920991000F63A96 /* Implementations */,
				3BCC30382920988D00F63A96 /* ApiService */,
				3BCC304B2920A13700F63A96 /* Endpoint.swift */,
			);
			path = Networking;
			sourceTree = "<group>";
		};
		3B7C2E8E291DEC6A005B3D42 /* Resources */ = {
			isa = PBXGroup;
			children = (
				3B7C2E62291DE7A6005B3D42 /* Assets.xcassets */,
				3BC393E4292C04A000DE6BF5 /* Images.swift */,
			);
			path = Resources;
			sourceTree = "<group>";
		};
		3B7C2E8F291DEC91005B3D42 /* Storage */ = {
			isa = PBXGroup;
			children = (
				3B6170B429764D3F002D2644 /* LocalDataImageService.swift */,
			);
			path = Storage;
			sourceTree = "<group>";
		};
		3B7C2E90291DEC9F005B3D42 /* HomeMenu */ = {
			isa = PBXGroup;
			children = (
				3BCC30232920873900F63A96 /* Domain */,
				3BCC30222920873500F63A96 /* Data */,
				3BCC30212920872A00F63A96 /* Presentation */,
			);
			path = HomeMenu;
			sourceTree = "<group>";
		};
		3B7C2E91291DECB5005B3D42 /* Characters */ = {
			isa = PBXGroup;
			children = (
				3B2A4EC62963CD85005E8ED6 /* Domain */,
				3B2A4EB82963CBCC005E8ED6 /* Data */,
				3B07D8F22952B8C30067C293 /* Presentation */,
			);
			path = Characters;
			sourceTree = "<group>";
		};
		3B7C2E92291DECBE005B3D42 /* CharacterDetail */ = {
			isa = PBXGroup;
			children = (
				3B1F2432299166FA00D7079D /* Data */,
				3B1F2431299166F300D7079D /* Domain */,
				3B1F242A299159A300D7079D /* Presentation */,
			);
			path = CharacterDetail;
			sourceTree = "<group>";
		};
		3B7C2E93291DECC7005B3D42 /* Locations */ = {
			isa = PBXGroup;
			children = (
			);
			path = Locations;
			sourceTree = "<group>";
		};
		3B7C2E94291DECCF005B3D42 /* Episodes */ = {
			isa = PBXGroup;
			children = (
			);
			path = Episodes;
			sourceTree = "<group>";
		};
		3B7C2E95291DECD6005B3D42 /* Origin */ = {
			isa = PBXGroup;
			children = (
			);
			path = Origin;
			sourceTree = "<group>";
		};
		3B7C2E96291DECE0005B3D42 /* LocationDetail */ = {
			isa = PBXGroup;
			children = (
			);
			path = LocationDetail;
			sourceTree = "<group>";
		};
		3B7C2E97291DECE8005B3D42 /* Extension */ = {
			isa = PBXGroup;
			children = (
				3BCC301D292078DE00F63A96 /* UIView+Contraints.swift */,
				3B2A4EB02963C7EE005E8ED6 /* String+empty.swift */,
				3B2A4EDD2963DE5E005E8ED6 /* UITableViewController+SpinnerLast.swift */,
				3B6170C1297655A1002D2644 /* UIImageView+Utils.swift */,
			);
			path = Extension;
			sourceTree = "<group>";
		};
		3B7C2E98291DECF1005B3D42 /* Constants */ = {
			isa = PBXGroup;
			children = (
				3BC393DE292BF57400DE6BF5 /* ViewValues.swift */,
			);
			path = Constants;
			sourceTree = "<group>";
		};
		3B7C2E99291DECFA005B3D42 /* Components */ = {
			isa = PBXGroup;
			children = (
				3B7C2E9F291DED34005B3D42 /* StateController */,
			);
			path = Components;
			sourceTree = "<group>";
		};
		3B7C2E9A291DED01005B3D42 /* Layer */ = {
			isa = PBXGroup;
			children = (
				3B7C2E9D291DED16005B3D42 /* Presentation */,
				3B7C2E9C291DED0D005B3D42 /* Domain */,
				3B7C2E9B291DED07005B3D42 /* Data */,
			);
			path = Layer;
			sourceTree = "<group>";
		};
		3B7C2E9B291DED07005B3D42 /* Data */ = {
			isa = PBXGroup;
			children = (
				3B6170B929764EF1002D2644 /* RepositoriesImplementation */,
				3B2A4EBE2963CC89005E8ED6 /* DTO */,
			);
			path = Data;
			sourceTree = "<group>";
		};
		3B7C2E9C291DED0D005B3D42 /* Domain */ = {
			isa = PBXGroup;
			children = (
				3B6170BC2976504B002D2644 /* UseCases */,
				3B6170B629764E6D002D2644 /* InterfacesRepository */,
				3B2A4EAB2963C6E0005E8ED6 /* Entities */,
			);
			path = Domain;
			sourceTree = "<group>";
		};
		3B7C2E9D291DED16005B3D42 /* Presentation */ = {
			isa = PBXGroup;
			children = (
				3B2A4EDA2963D687005E8ED6 /* ViewModel */,
				3B7C2E99291DECFA005B3D42 /* Components */,
			);
			path = Presentation;
			sourceTree = "<group>";
		};
		3B7C2E9E291DED2A005B3D42 /* Utils */ = {
			isa = PBXGroup;
			children = (
				3BCC301F29207A8100F63A96 /* Reusable.swift */,
				3BCC304929209FE500F63A96 /* PropertyIterator.swift */,
			);
			path = Utils;
			sourceTree = "<group>";
		};
		3B7C2E9F291DED34005B3D42 /* StateController */ = {
			isa = PBXGroup;
			children = (
				3BCC3034292089F100F63A96 /* StateController.swift */,
			);
			path = StateController;
			sourceTree = "<group>";
		};
		3B7C2EA0291DED43005B3D42 /* Localize */ = {
			isa = PBXGroup;
			children = (
				3BC393E2292C025B00DE6BF5 /* AppLocalized.swift */,
			);
			path = Localize;
			sourceTree = "<group>";
		};
		3B7C2EA1291DED85005B3D42 /* Coordinator */ = {
			isa = PBXGroup;
			children = (
				3B7C2EAB291DEFCA005B3D42 /* AppCordinator */,
				3B7C2EA3291DED95005B3D42 /* CoordinatorScreens */,
				3B7C2EA2291DED90005B3D42 /* Utils */,
			);
			path = Coordinator;
			sourceTree = "<group>";
		};
		3B7C2EA2291DED90005B3D42 /* Utils */ = {
			isa = PBXGroup;
			children = (
			);
			path = Utils;
			sourceTree = "<group>";
		};
		3B7C2EA3291DED95005B3D42 /* CoordinatorScreens */ = {
			isa = PBXGroup;
			children = (
				3B7C2EB0291DF494005B3D42 /* HomeCoordinator.swift */,
				3B07D8F52952B9A20067C293 /* CharactersCoordinator.swift */,
				3B1F242D299159F100D7079D /* CharacterDetailCoordinator.swift */,
			);
			path = CoordinatorScreens;
			sourceTree = "<group>";
		};
		3B7C2EA4291DEDAA005B3D42 /* Factories */ = {
			isa = PBXGroup;
			children = (
				3B7C2EAE291DF03A005B3D42 /* AppFactory.swift */,
				3B7C2EB2291DF4E6005B3D42 /* HomeFactory.swift */,
				3B07D8F02952B8660067C293 /* CharactersFactory.swift */,
				3B1F242F29915A4A00D7079D /* CharacterDetailFactory.swift */,
			);
			path = Factories;
			sourceTree = "<group>";
		};
		3B7C2EA5291DEDBF005B3D42 /* DIContainer */ = {
			isa = PBXGroup;
			children = (
				3B6170BF297651D8002D2644 /* AppContainer.swift */,
			);
			name = DIContainer;
			sourceTree = "<group>";
		};
		3B7C2EA6291DEDE1005B3D42 /* LauchScreen */ = {
			isa = PBXGroup;
			children = (
				3B7C2E64291DE7A6005B3D42 /* LaunchScreen.storyboard */,
			);
			path = LauchScreen;
			sourceTree = "<group>";
		};
		3B7C2EA7291DEE3D005B3D42 /* System */ = {
			isa = PBXGroup;
			children = (
				3B7C2E59291DE7A4005B3D42 /* AppDelegate.swift */,
				3B7C2E5B291DE7A4005B3D42 /* SceneDelegate.swift */,
			);
			path = System;
			sourceTree = "<group>";
		};
		3B7C2EAB291DEFCA005B3D42 /* AppCordinator */ = {
			isa = PBXGroup;
			children = (
				3B7C2EA9291DEF8A005B3D42 /* Coordinator.swift */,
				3B7C2EAC291DEFDE005B3D42 /* AppCoordinator.swift */,
			);
			path = AppCordinator;
			sourceTree = "<group>";
		};
		3BC393DB292BF52100DE6BF5 /* Components */ = {
			isa = PBXGroup;
			children = (
				3BC393DC292BF54200DE6BF5 /* SpinnerDisplayable.swift */,
				3BC393E0292BF7C800DE6BF5 /* MessageDisplayable.swift */,
			);
			path = Components;
			sourceTree = "<group>";
		};
		3BCC30212920872A00F63A96 /* Presentation */ = {
			isa = PBXGroup;
			children = (
				3BCC30312920894D00F63A96 /* Cell */,
				3BCC30302920894600F63A96 /* Controller */,
			);
			path = Presentation;
			sourceTree = "<group>";
		};
		3BCC30222920873500F63A96 /* Data */ = {
			isa = PBXGroup;
			children = (
				3BCC304429209EC900F63A96 /* DTO */,
				3BCC302A2920881700F63A96 /* Repositories */,
			);
			path = Data;
			sourceTree = "<group>";
		};
		3BCC30232920873900F63A96 /* Domain */ = {
			isa = PBXGroup;
			children = (
				3BCC302D2920886B00F63A96 /* UseCase */,
				3BCC3027292087C500F63A96 /* Entities */,
				3BCC30242920874700F63A96 /* InterfacesRepositories */,
			);
			path = Domain;
			sourceTree = "<group>";
		};
		3BCC30242920874700F63A96 /* InterfacesRepositories */ = {
			isa = PBXGroup;
			children = (
				3BCC30252920877100F63A96 /* MenuRepository.swift */,
			);
			path = InterfacesRepositories;
			sourceTree = "<group>";
		};
		3BCC3027292087C500F63A96 /* Entities */ = {
			isa = PBXGroup;
			children = (
				3BCC3028292087DA00F63A96 /* MenuItem.swift */,
			);
			path = Entities;
			sourceTree = "<group>";
		};
		3BCC302A2920881700F63A96 /* Repositories */ = {
			isa = PBXGroup;
			children = (
				3BCC302B2920882B00F63A96 /* MenuRepositoryImp.swift */,
			);
			path = Repositories;
			sourceTree = "<group>";
		};
		3BCC302D2920886B00F63A96 /* UseCase */ = {
			isa = PBXGroup;
			children = (
				3BCC302E2920888000F63A96 /* LoadMenuUseCase.swift */,
			);
			path = UseCase;
			sourceTree = "<group>";
		};
		3BCC30302920894600F63A96 /* Controller */ = {
			isa = PBXGroup;
			children = (
				3B7C2E5D291DE7A4005B3D42 /* HomeMenuController.swift */,
				3BCC30322920898100F63A96 /* HomeMenuViewModel.swift */,
			);
			path = Controller;
			sourceTree = "<group>";
		};
		3BCC30312920894D00F63A96 /* Cell */ = {
			isa = PBXGroup;
			children = (
				3BCC301B292077EB00F63A96 /* ItemHomeMenuCell.swift */,
				3BCC303629208AA000F63A96 /* ItemHomeMenuViewModel.swift */,
			);
			path = Cell;
			sourceTree = "<group>";
		};
		3BCC30382920988D00F63A96 /* ApiService */ = {
			isa = PBXGroup;
			children = (
				3BCC3039292098BC00F63A96 /* ApiClientService.swift */,
				3B6170B029764BEC002D2644 /* RemoteImageDataService.swift */,
			);
			path = ApiService;
			sourceTree = "<group>";
		};
		3BCC303B2920991000F63A96 /* Implementations */ = {
			isa = PBXGroup;
			children = (
				3BCC303C2920992300F63A96 /* ApiClientServiceImp.swift */,
				3B6170B229764C6C002D2644 /* ApiClientServiceImp+RemoteImageDataService.swift */,
			);
			path = Implementations;
			sourceTree = "<group>";
		};
		3BCC303E292099B200F63A96 /* Errors */ = {
			isa = PBXGroup;
			children = (
				3BCC303F292099C000F63A96 /* ApiError.swift */,
			);
			path = Errors;
			sourceTree = "<group>";
		};
		3BCC304129209C8500F63A96 /* StatusResponse */ = {
			isa = PBXGroup;
			children = (
				3BCC304229209C9A00F63A96 /* HttpResponseStatus.swift */,
			);
			path = StatusResponse;
			sourceTree = "<group>";
		};
		3BCC304429209EC900F63A96 /* DTO */ = {
			isa = PBXGroup;
			children = (
				3BCC304529209EE100F63A96 /* MenuDTO.swift */,
				3BCC304729209F6400F63A96 /* MenuDTO+Mapper.swift */,
			);
			path = DTO;
			sourceTree = "<group>";
		};
/* End PBXGroup section */

/* Begin PBXNativeTarget section */
		3B7C2E55291DE7A4005B3D42 /* RickAndMorty */ = {
			isa = PBXNativeTarget;
			buildConfigurationList = 3B7C2E80291DE7A6005B3D42 /* Build configuration list for PBXNativeTarget "RickAndMorty" */;
			buildPhases = (
				3B7C2E52291DE7A4005B3D42 /* Sources */,
				3B7C2E53291DE7A4005B3D42 /* Frameworks */,
				3B7C2E54291DE7A4005B3D42 /* Resources */,
			);
			buildRules = (
			);
			dependencies = (
			);
			name = RickAndMorty;
			productName = RickAndMorty;
			productReference = 3B7C2E56291DE7A4005B3D42 /* RickAndMorty.app */;
			productType = "com.apple.product-type.application";
		};
		3B7C2E6B291DE7A6005B3D42 /* RickAndMortyTests */ = {
			isa = PBXNativeTarget;
			buildConfigurationList = 3B7C2E83291DE7A6005B3D42 /* Build configuration list for PBXNativeTarget "RickAndMortyTests" */;
			buildPhases = (
				3B7C2E68291DE7A6005B3D42 /* Sources */,
				3B7C2E69291DE7A6005B3D42 /* Frameworks */,
				3B7C2E6A291DE7A6005B3D42 /* Resources */,
			);
			buildRules = (
			);
			dependencies = (
				3B7C2E6E291DE7A6005B3D42 /* PBXTargetDependency */,
			);
			name = RickAndMortyTests;
			productName = RickAndMortyTests;
			productReference = 3B7C2E6C291DE7A6005B3D42 /* RickAndMortyTests.xctest */;
			productType = "com.apple.product-type.bundle.unit-test";
		};
		3B7C2E75291DE7A6005B3D42 /* RickAndMortyUITests */ = {
			isa = PBXNativeTarget;
			buildConfigurationList = 3B7C2E86291DE7A6005B3D42 /* Build configuration list for PBXNativeTarget "RickAndMortyUITests" */;
			buildPhases = (
				3B7C2E72291DE7A6005B3D42 /* Sources */,
				3B7C2E73291DE7A6005B3D42 /* Frameworks */,
				3B7C2E74291DE7A6005B3D42 /* Resources */,
			);
			buildRules = (
			);
			dependencies = (
				3B7C2E78291DE7A6005B3D42 /* PBXTargetDependency */,
			);
			name = RickAndMortyUITests;
			productName = RickAndMortyUITests;
			productReference = 3B7C2E76291DE7A6005B3D42 /* RickAndMortyUITests.xctest */;
			productType = "com.apple.product-type.bundle.ui-testing";
		};
/* End PBXNativeTarget section */

/* Begin PBXProject section */
		3B7C2E4E291DE7A4005B3D42 /* Project object */ = {
			isa = PBXProject;
			attributes = {
				BuildIndependentTargetsInParallel = 1;
				LastSwiftUpdateCheck = 1400;
				LastUpgradeCheck = 1400;
				TargetAttributes = {
					3B7C2E55291DE7A4005B3D42 = {
						CreatedOnToolsVersion = 14.0.1;
					};
					3B7C2E6B291DE7A6005B3D42 = {
						CreatedOnToolsVersion = 14.0.1;
						TestTargetID = 3B7C2E55291DE7A4005B3D42;
					};
					3B7C2E75291DE7A6005B3D42 = {
						CreatedOnToolsVersion = 14.0.1;
						TestTargetID = 3B7C2E55291DE7A4005B3D42;
					};
				};
			};
			buildConfigurationList = 3B7C2E51291DE7A4005B3D42 /* Build configuration list for PBXProject "RickAndMorty" */;
			compatibilityVersion = "Xcode 14.0";
			developmentRegion = en;
			hasScannedForEncodings = 0;
			knownRegions = (
				en,
				Base,
			);
			mainGroup = 3B7C2E4D291DE7A4005B3D42;
			productRefGroup = 3B7C2E57291DE7A4005B3D42 /* Products */;
			projectDirPath = "";
			projectRoot = "";
			targets = (
				3B7C2E55291DE7A4005B3D42 /* RickAndMorty */,
				3B7C2E6B291DE7A6005B3D42 /* RickAndMortyTests */,
				3B7C2E75291DE7A6005B3D42 /* RickAndMortyUITests */,
			);
		};
/* End PBXProject section */

/* Begin PBXResourcesBuildPhase section */
		3B7C2E54291DE7A4005B3D42 /* Resources */ = {
			isa = PBXResourcesBuildPhase;
			buildActionMask = 2147483647;
			files = (
				3B7C2E66291DE7A6005B3D42 /* LaunchScreen.storyboard in Resources */,
				3B7C2E63291DE7A6005B3D42 /* Assets.xcassets in Resources */,
			);
			runOnlyForDeploymentPostprocessing = 0;
		};
		3B7C2E6A291DE7A6005B3D42 /* Resources */ = {
			isa = PBXResourcesBuildPhase;
			buildActionMask = 2147483647;
			files = (
			);
			runOnlyForDeploymentPostprocessing = 0;
		};
		3B7C2E74291DE7A6005B3D42 /* Resources */ = {
			isa = PBXResourcesBuildPhase;
			buildActionMask = 2147483647;
			files = (
			);
			runOnlyForDeploymentPostprocessing = 0;
		};
/* End PBXResourcesBuildPhase section */

/* Begin PBXSourcesBuildPhase section */
		3B7C2E52291DE7A4005B3D42 /* Sources */ = {
			isa = PBXSourcesBuildPhase;
			buildActionMask = 2147483647;
			files = (
				3B7C2EAF291DF03A005B3D42 /* AppFactory.swift in Sources */,
				3B2A4EC52963CD10005E8ED6 /* InfoDTO.swift in Sources */,
				3BCC302029207A8100F63A96 /* Reusable.swift in Sources */,
				3BCC302F2920888000F63A96 /* LoadMenuUseCase.swift in Sources */,
				3B7C2EAA291DEF8A005B3D42 /* Coordinator.swift in Sources */,
				3B6170B829764E87002D2644 /* ImageDataRepository.swift in Sources */,
				3B2A4EDC2963D6A3005E8ED6 /* BaseViewModel.swift in Sources */,
				3B2A4ED92963D5CA005E8ED6 /* ItemCharacterViewModel.swift in Sources */,
				3BCC303D2920992300F63A96 /* ApiClientServiceImp.swift in Sources */,
				3B2A4EAF2963C740005E8ED6 /* StatusCharacter.swift in Sources */,
				3B7C2E5E291DE7A4005B3D42 /* HomeMenuController.swift in Sources */,
				3B6170BE2976505C002D2644 /* ImageDataUseCase.swift in Sources */,
				3B07D8F62952B9A20067C293 /* CharactersCoordinator.swift in Sources */,
				3BCC30262920877100F63A96 /* MenuRepository.swift in Sources */,
				3B6170B129764BEC002D2644 /* RemoteImageDataService.swift in Sources */,
				3BCC301E292078DE00F63A96 /* UIView+Contraints.swift in Sources */,
				3BCC3035292089F100F63A96 /* StateController.swift in Sources */,
				3BC393DD292BF54200DE6BF5 /* SpinnerDisplayable.swift in Sources */,
				3B2A4ECE2963CE92005E8ED6 /* CharacterRepositoryImp.swift in Sources */,
				3B2A4EB12963C7EE005E8ED6 /* String+empty.swift in Sources */,
				3B6170C0297651D8002D2644 /* AppContainer.swift in Sources */,
				3B07D8F12952B8660067C293 /* CharactersFactory.swift in Sources */,
				3BCC3029292087DA00F63A96 /* MenuItem.swift in Sources */,
				3B7C2EAD291DEFDE005B3D42 /* AppCoordinator.swift in Sources */,
				3B2A4EB32963C90A005E8ED6 /* Specie.swift in Sources */,
				3B7C2E5A291DE7A4005B3D42 /* AppDelegate.swift in Sources */,
				3B7C2EB3291DF4E6005B3D42 /* HomeFactory.swift in Sources */,
				3BC393DF292BF57400DE6BF5 /* ViewValues.swift in Sources */,
				3B2A4EDE2963DE5E005E8ED6 /* UITableViewController+SpinnerLast.swift in Sources */,
				3B7C2EB1291DF494005B3D42 /* HomeCoordinator.swift in Sources */,
				3B2A4EC92963CDB7005E8ED6 /* CharactersRepository.swift in Sources */,
				3BCC3040292099C000F63A96 /* ApiError.swift in Sources */,
				3BCC303729208AA000F63A96 /* ItemHomeMenuViewModel.swift in Sources */,
				3BCC304C2920A13700F63A96 /* Endpoint.swift in Sources */,
				3B1F24352991673200D7079D /* CharacterDetailRepository.swift in Sources */,
				3BC393E5292C04A000DE6BF5 /* Images.swift in Sources */,
				3B1F243029915A4A00D7079D /* CharacterDetailFactory.swift in Sources */,
				3B1F2438299167CE00D7079D /* CharacterDetailRepositoryImp.swift in Sources */,
				3B2A4EC02963CC9A005E8ED6 /* OriginDTO.swift in Sources */,
				3BCC304329209C9A00F63A96 /* HttpResponseStatus.swift in Sources */,
				3B2A4EC32963CCCC005E8ED6 /* LocationDTO.swift in Sources */,
				3BCC304A29209FE500F63A96 /* PropertyIterator.swift in Sources */,
				3BC393E3292C025B00DE6BF5 /* AppLocalized.swift in Sources */,
				3BCC30332920898100F63A96 /* HomeMenuViewModel.swift in Sources */,
				3B2A4ECB2963CE3C005E8ED6 /* Info.swift in Sources */,
				3B2A4EBD2963CC19005E8ED6 /* CharacterDTO.swift in Sources */,
				3B6170C2297655A1002D2644 /* UIImageView+Utils.swift in Sources */,
				3B6170B329764C6C002D2644 /* ApiClientServiceImp+RemoteImageDataService.swift in Sources */,
				3BCC302C2920882B00F63A96 /* MenuRepositoryImp.swift in Sources */,
				3B2A4EBB2963CBE5005E8ED6 /* ResultsCharactersDTO.swift in Sources */,
				3B2A4EAD2963C6FF005E8ED6 /* Character.swift in Sources */,
				3BCC304829209F6400F63A96 /* MenuDTO+Mapper.swift in Sources */,
				3BCC301C292077EB00F63A96 /* ItemHomeMenuCell.swift in Sources */,
				3B2A4ED02963CF20005E8ED6 /* ResultsCharactersDTO+Mapping.swift in Sources */,
				3B6170BB29764F0D002D2644 /* ImageDataRepositoryImp.swift in Sources */,
				3B7C2E5C291DE7A4005B3D42 /* SceneDelegate.swift in Sources */,
				3B1F243B299168E200D7079D /* CharacterDTO+Mapping.swift in Sources */,
				3B6170B529764D3F002D2644 /* LocalDataImageService.swift in Sources */,
				3B07D8F92952BDC50067C293 /* ItemCharacterTableViewCell.swift in Sources */,
				3B6170AF2976436D002D2644 /* LastPageValidationUseCase.swift in Sources */,
				3B2A4ED72963D551005E8ED6 /* CharactersViewModel.swift in Sources */,
				3BCC303A292098BC00F63A96 /* ApiClientService.swift in Sources */,
				3B1F242E299159F100D7079D /* CharacterDetailCoordinator.swift in Sources */,
				3BCC304629209EE100F63A96 /* MenuDTO.swift in Sources */,
				3B2A4EB72963CB73005E8ED6 /* Location.swift in Sources */,
				3B1F242C299159BB00D7079D /* CharacterDetailViewController.swift in Sources */,
				3BC393E1292BF7C800DE6BF5 /* MessageDisplayable.swift in Sources */,
				3B07D8F42952B8D40067C293 /* CharactersViewController.swift in Sources */,
				3B2A4ED32963D36F005E8ED6 /* LoadCharactersUseCase.swift in Sources */,
				3B2A4EB52963CB4B005E8ED6 /* Origin.swift in Sources */,
			);
			runOnlyForDeploymentPostprocessing = 0;
		};
		3B7C2E68291DE7A6005B3D42 /* Sources */ = {
			isa = PBXSourcesBuildPhase;
			buildActionMask = 2147483647;
			files = (
				3B7C2E71291DE7A6005B3D42 /* RickAndMortyTests.swift in Sources */,
			);
			runOnlyForDeploymentPostprocessing = 0;
		};
		3B7C2E72291DE7A6005B3D42 /* Sources */ = {
			isa = PBXSourcesBuildPhase;
			buildActionMask = 2147483647;
			files = (
			);
			runOnlyForDeploymentPostprocessing = 0;
		};
/* End PBXSourcesBuildPhase section */

/* Begin PBXTargetDependency section */
		3B7C2E6E291DE7A6005B3D42 /* PBXTargetDependency */ = {
			isa = PBXTargetDependency;
			target = 3B7C2E55291DE7A4005B3D42 /* RickAndMorty */;
			targetProxy = 3B7C2E6D291DE7A6005B3D42 /* PBXContainerItemProxy */;
		};
		3B7C2E78291DE7A6005B3D42 /* PBXTargetDependency */ = {
			isa = PBXTargetDependency;
			target = 3B7C2E55291DE7A4005B3D42 /* RickAndMorty */;
			targetProxy = 3B7C2E77291DE7A6005B3D42 /* PBXContainerItemProxy */;
		};
/* End PBXTargetDependency section */

/* Begin PBXVariantGroup section */
		3B7C2E64291DE7A6005B3D42 /* LaunchScreen.storyboard */ = {
			isa = PBXVariantGroup;
			children = (
				3B7C2E65291DE7A6005B3D42 /* Base */,
			);
			name = LaunchScreen.storyboard;
			sourceTree = "<group>";
		};
/* End PBXVariantGroup section */

/* Begin XCBuildConfiguration section */
		3B7C2E7E291DE7A6005B3D42 /* Debug */ = {
			isa = XCBuildConfiguration;
			buildSettings = {
				ALWAYS_SEARCH_USER_PATHS = NO;
				CLANG_ANALYZER_NONNULL = YES;
				CLANG_ANALYZER_NUMBER_OBJECT_CONVERSION = YES_AGGRESSIVE;
				CLANG_CXX_LANGUAGE_STANDARD = "gnu++20";
				CLANG_ENABLE_MODULES = YES;
				CLANG_ENABLE_OBJC_ARC = YES;
				CLANG_ENABLE_OBJC_WEAK = YES;
				CLANG_WARN_BLOCK_CAPTURE_AUTORELEASING = YES;
				CLANG_WARN_BOOL_CONVERSION = YES;
				CLANG_WARN_COMMA = YES;
				CLANG_WARN_CONSTANT_CONVERSION = YES;
				CLANG_WARN_DEPRECATED_OBJC_IMPLEMENTATIONS = YES;
				CLANG_WARN_DIRECT_OBJC_ISA_USAGE = YES_ERROR;
				CLANG_WARN_DOCUMENTATION_COMMENTS = YES;
				CLANG_WARN_EMPTY_BODY = YES;
				CLANG_WARN_ENUM_CONVERSION = YES;
				CLANG_WARN_INFINITE_RECURSION = YES;
				CLANG_WARN_INT_CONVERSION = YES;
				CLANG_WARN_NON_LITERAL_NULL_CONVERSION = YES;
				CLANG_WARN_OBJC_IMPLICIT_RETAIN_SELF = YES;
				CLANG_WARN_OBJC_LITERAL_CONVERSION = YES;
				CLANG_WARN_OBJC_ROOT_CLASS = YES_ERROR;
				CLANG_WARN_QUOTED_INCLUDE_IN_FRAMEWORK_HEADER = YES;
				CLANG_WARN_RANGE_LOOP_ANALYSIS = YES;
				CLANG_WARN_STRICT_PROTOTYPES = YES;
				CLANG_WARN_SUSPICIOUS_MOVE = YES;
				CLANG_WARN_UNGUARDED_AVAILABILITY = YES_AGGRESSIVE;
				CLANG_WARN_UNREACHABLE_CODE = YES;
				CLANG_WARN__DUPLICATE_METHOD_MATCH = YES;
				COPY_PHASE_STRIP = NO;
				DEBUG_INFORMATION_FORMAT = dwarf;
				ENABLE_STRICT_OBJC_MSGSEND = YES;
				ENABLE_TESTABILITY = YES;
				GCC_C_LANGUAGE_STANDARD = gnu11;
				GCC_DYNAMIC_NO_PIC = NO;
				GCC_NO_COMMON_BLOCKS = YES;
				GCC_OPTIMIZATION_LEVEL = 0;
				GCC_PREPROCESSOR_DEFINITIONS = (
					"DEBUG=1",
					"$(inherited)",
				);
				GCC_WARN_64_TO_32_BIT_CONVERSION = YES;
				GCC_WARN_ABOUT_RETURN_TYPE = YES_ERROR;
				GCC_WARN_UNDECLARED_SELECTOR = YES;
				GCC_WARN_UNINITIALIZED_AUTOS = YES_AGGRESSIVE;
				GCC_WARN_UNUSED_FUNCTION = YES;
				GCC_WARN_UNUSED_VARIABLE = YES;
				IPHONEOS_DEPLOYMENT_TARGET = 16.0;
				MTL_ENABLE_DEBUG_INFO = INCLUDE_SOURCE;
				MTL_FAST_MATH = YES;
				ONLY_ACTIVE_ARCH = YES;
				SDKROOT = iphoneos;
				SWIFT_ACTIVE_COMPILATION_CONDITIONS = DEBUG;
				SWIFT_OPTIMIZATION_LEVEL = "-Onone";
			};
			name = Debug;
		};
		3B7C2E7F291DE7A6005B3D42 /* Release */ = {
			isa = XCBuildConfiguration;
			buildSettings = {
				ALWAYS_SEARCH_USER_PATHS = NO;
				CLANG_ANALYZER_NONNULL = YES;
				CLANG_ANALYZER_NUMBER_OBJECT_CONVERSION = YES_AGGRESSIVE;
				CLANG_CXX_LANGUAGE_STANDARD = "gnu++20";
				CLANG_ENABLE_MODULES = YES;
				CLANG_ENABLE_OBJC_ARC = YES;
				CLANG_ENABLE_OBJC_WEAK = YES;
				CLANG_WARN_BLOCK_CAPTURE_AUTORELEASING = YES;
				CLANG_WARN_BOOL_CONVERSION = YES;
				CLANG_WARN_COMMA = YES;
				CLANG_WARN_CONSTANT_CONVERSION = YES;
				CLANG_WARN_DEPRECATED_OBJC_IMPLEMENTATIONS = YES;
				CLANG_WARN_DIRECT_OBJC_ISA_USAGE = YES_ERROR;
				CLANG_WARN_DOCUMENTATION_COMMENTS = YES;
				CLANG_WARN_EMPTY_BODY = YES;
				CLANG_WARN_ENUM_CONVERSION = YES;
				CLANG_WARN_INFINITE_RECURSION = YES;
				CLANG_WARN_INT_CONVERSION = YES;
				CLANG_WARN_NON_LITERAL_NULL_CONVERSION = YES;
				CLANG_WARN_OBJC_IMPLICIT_RETAIN_SELF = YES;
				CLANG_WARN_OBJC_LITERAL_CONVERSION = YES;
				CLANG_WARN_OBJC_ROOT_CLASS = YES_ERROR;
				CLANG_WARN_QUOTED_INCLUDE_IN_FRAMEWORK_HEADER = YES;
				CLANG_WARN_RANGE_LOOP_ANALYSIS = YES;
				CLANG_WARN_STRICT_PROTOTYPES = YES;
				CLANG_WARN_SUSPICIOUS_MOVE = YES;
				CLANG_WARN_UNGUARDED_AVAILABILITY = YES_AGGRESSIVE;
				CLANG_WARN_UNREACHABLE_CODE = YES;
				CLANG_WARN__DUPLICATE_METHOD_MATCH = YES;
				COPY_PHASE_STRIP = NO;
				DEBUG_INFORMATION_FORMAT = "dwarf-with-dsym";
				ENABLE_NS_ASSERTIONS = NO;
				ENABLE_STRICT_OBJC_MSGSEND = YES;
				GCC_C_LANGUAGE_STANDARD = gnu11;
				GCC_NO_COMMON_BLOCKS = YES;
				GCC_WARN_64_TO_32_BIT_CONVERSION = YES;
				GCC_WARN_ABOUT_RETURN_TYPE = YES_ERROR;
				GCC_WARN_UNDECLARED_SELECTOR = YES;
				GCC_WARN_UNINITIALIZED_AUTOS = YES_AGGRESSIVE;
				GCC_WARN_UNUSED_FUNCTION = YES;
				GCC_WARN_UNUSED_VARIABLE = YES;
				IPHONEOS_DEPLOYMENT_TARGET = 16.0;
				MTL_ENABLE_DEBUG_INFO = NO;
				MTL_FAST_MATH = YES;
				SDKROOT = iphoneos;
				SWIFT_COMPILATION_MODE = wholemodule;
				SWIFT_OPTIMIZATION_LEVEL = "-O";
				VALIDATE_PRODUCT = YES;
			};
			name = Release;
		};
		3B7C2E81291DE7A6005B3D42 /* Debug */ = {
			isa = XCBuildConfiguration;
			buildSettings = {
				ASSETCATALOG_COMPILER_APPICON_NAME = AppIcon;
				ASSETCATALOG_COMPILER_GLOBAL_ACCENT_COLOR_NAME = AccentColor;
				CODE_SIGN_STYLE = Automatic;
				CURRENT_PROJECT_VERSION = 1;
				DEVELOPMENT_TEAM = TNSM43P2F3;
				GENERATE_INFOPLIST_FILE = YES;
				INFOPLIST_FILE = RickAndMorty/Info.plist;
				INFOPLIST_KEY_UIApplicationSupportsIndirectInputEvents = YES;
				INFOPLIST_KEY_UILaunchStoryboardName = LaunchScreen;
				INFOPLIST_KEY_UISupportedInterfaceOrientations = UIInterfaceOrientationPortrait;
				LD_RUNPATH_SEARCH_PATHS = (
					"$(inherited)",
					"@executable_path/Frameworks",
				);
				MARKETING_VERSION = 1.0;
				PRODUCT_BUNDLE_IDENTIFIER = com.javiercueto.RickAndMorty;
				PRODUCT_NAME = "$(TARGET_NAME)";
				SWIFT_EMIT_LOC_STRINGS = YES;
				SWIFT_VERSION = 5.0;
				TARGETED_DEVICE_FAMILY = "1,2";
			};
			name = Debug;
		};
		3B7C2E82291DE7A6005B3D42 /* Release */ = {
			isa = XCBuildConfiguration;
			buildSettings = {
				ASSETCATALOG_COMPILER_APPICON_NAME = AppIcon;
				ASSETCATALOG_COMPILER_GLOBAL_ACCENT_COLOR_NAME = AccentColor;
				CODE_SIGN_STYLE = Automatic;
				CURRENT_PROJECT_VERSION = 1;
				DEVELOPMENT_TEAM = TNSM43P2F3;
				GENERATE_INFOPLIST_FILE = YES;
				INFOPLIST_FILE = RickAndMorty/Info.plist;
				INFOPLIST_KEY_UIApplicationSupportsIndirectInputEvents = YES;
				INFOPLIST_KEY_UILaunchStoryboardName = LaunchScreen;
				INFOPLIST_KEY_UISupportedInterfaceOrientations = UIInterfaceOrientationPortrait;
				LD_RUNPATH_SEARCH_PATHS = (
					"$(inherited)",
					"@executable_path/Frameworks",
				);
				MARKETING_VERSION = 1.0;
				PRODUCT_BUNDLE_IDENTIFIER = com.javiercueto.RickAndMorty;
				PRODUCT_NAME = "$(TARGET_NAME)";
				SWIFT_EMIT_LOC_STRINGS = YES;
				SWIFT_VERSION = 5.0;
				TARGETED_DEVICE_FAMILY = "1,2";
			};
			name = Release;
		};
		3B7C2E84291DE7A6005B3D42 /* Debug */ = {
			isa = XCBuildConfiguration;
			buildSettings = {
				ALWAYS_EMBED_SWIFT_STANDARD_LIBRARIES = YES;
				BUNDLE_LOADER = "$(TEST_HOST)";
				CODE_SIGN_STYLE = Automatic;
				CURRENT_PROJECT_VERSION = 1;
				DEVELOPMENT_TEAM = TNSM43P2F3;
				GENERATE_INFOPLIST_FILE = YES;
				IPHONEOS_DEPLOYMENT_TARGET = 16.0;
				MARKETING_VERSION = 1.0;
				PRODUCT_BUNDLE_IDENTIFIER = com.javiercueto.RickAndMortyTests;
				PRODUCT_NAME = "$(TARGET_NAME)";
				SWIFT_EMIT_LOC_STRINGS = NO;
				SWIFT_VERSION = 5.0;
				TARGETED_DEVICE_FAMILY = "1,2";
				TEST_HOST = "$(BUILT_PRODUCTS_DIR)/RickAndMorty.app/$(BUNDLE_EXECUTABLE_FOLDER_PATH)/RickAndMorty";
			};
			name = Debug;
		};
		3B7C2E85291DE7A6005B3D42 /* Release */ = {
			isa = XCBuildConfiguration;
			buildSettings = {
				ALWAYS_EMBED_SWIFT_STANDARD_LIBRARIES = YES;
				BUNDLE_LOADER = "$(TEST_HOST)";
				CODE_SIGN_STYLE = Automatic;
				CURRENT_PROJECT_VERSION = 1;
				DEVELOPMENT_TEAM = TNSM43P2F3;
				GENERATE_INFOPLIST_FILE = YES;
				IPHONEOS_DEPLOYMENT_TARGET = 16.0;
				MARKETING_VERSION = 1.0;
				PRODUCT_BUNDLE_IDENTIFIER = com.javiercueto.RickAndMortyTests;
				PRODUCT_NAME = "$(TARGET_NAME)";
				SWIFT_EMIT_LOC_STRINGS = NO;
				SWIFT_VERSION = 5.0;
				TARGETED_DEVICE_FAMILY = "1,2";
				TEST_HOST = "$(BUILT_PRODUCTS_DIR)/RickAndMorty.app/$(BUNDLE_EXECUTABLE_FOLDER_PATH)/RickAndMorty";
			};
			name = Release;
		};
		3B7C2E87291DE7A6005B3D42 /* Debug */ = {
			isa = XCBuildConfiguration;
			buildSettings = {
				ALWAYS_EMBED_SWIFT_STANDARD_LIBRARIES = YES;
				CODE_SIGN_STYLE = Automatic;
				CURRENT_PROJECT_VERSION = 1;
				DEVELOPMENT_TEAM = TNSM43P2F3;
				GENERATE_INFOPLIST_FILE = YES;
				MARKETING_VERSION = 1.0;
				PRODUCT_BUNDLE_IDENTIFIER = com.javiercueto.RickAndMortyUITests;
				PRODUCT_NAME = "$(TARGET_NAME)";
				SWIFT_EMIT_LOC_STRINGS = NO;
				SWIFT_VERSION = 5.0;
				TARGETED_DEVICE_FAMILY = "1,2";
				TEST_TARGET_NAME = RickAndMorty;
			};
			name = Debug;
		};
		3B7C2E88291DE7A6005B3D42 /* Release */ = {
			isa = XCBuildConfiguration;
			buildSettings = {
				ALWAYS_EMBED_SWIFT_STANDARD_LIBRARIES = YES;
				CODE_SIGN_STYLE = Automatic;
				CURRENT_PROJECT_VERSION = 1;
				DEVELOPMENT_TEAM = TNSM43P2F3;
				GENERATE_INFOPLIST_FILE = YES;
				MARKETING_VERSION = 1.0;
				PRODUCT_BUNDLE_IDENTIFIER = com.javiercueto.RickAndMortyUITests;
				PRODUCT_NAME = "$(TARGET_NAME)";
				SWIFT_EMIT_LOC_STRINGS = NO;
				SWIFT_VERSION = 5.0;
				TARGETED_DEVICE_FAMILY = "1,2";
				TEST_TARGET_NAME = RickAndMorty;
			};
			name = Release;
		};
/* End XCBuildConfiguration section */

/* Begin XCConfigurationList section */
		3B7C2E51291DE7A4005B3D42 /* Build configuration list for PBXProject "RickAndMorty" */ = {
			isa = XCConfigurationList;
			buildConfigurations = (
				3B7C2E7E291DE7A6005B3D42 /* Debug */,
				3B7C2E7F291DE7A6005B3D42 /* Release */,
			);
			defaultConfigurationIsVisible = 0;
			defaultConfigurationName = Release;
		};
		3B7C2E80291DE7A6005B3D42 /* Build configuration list for PBXNativeTarget "RickAndMorty" */ = {
			isa = XCConfigurationList;
			buildConfigurations = (
				3B7C2E81291DE7A6005B3D42 /* Debug */,
				3B7C2E82291DE7A6005B3D42 /* Release */,
			);
			defaultConfigurationIsVisible = 0;
			defaultConfigurationName = Release;
		};
		3B7C2E83291DE7A6005B3D42 /* Build configuration list for PBXNativeTarget "RickAndMortyTests" */ = {
			isa = XCConfigurationList;
			buildConfigurations = (
				3B7C2E84291DE7A6005B3D42 /* Debug */,
				3B7C2E85291DE7A6005B3D42 /* Release */,
			);
			defaultConfigurationIsVisible = 0;
			defaultConfigurationName = Release;
		};
		3B7C2E86291DE7A6005B3D42 /* Build configuration list for PBXNativeTarget "RickAndMortyUITests" */ = {
			isa = XCConfigurationList;
			buildConfigurations = (
				3B7C2E87291DE7A6005B3D42 /* Debug */,
				3B7C2E88291DE7A6005B3D42 /* Release */,
			);
			defaultConfigurationIsVisible = 0;
			defaultConfigurationName = Release;
		};
/* End XCConfigurationList section */
	};
	rootObject = 3B7C2E4E291DE7A4005B3D42 /* Project object */;
}
